// !$*UTF8*$!
{
	archiveVersion = 1;
	classes = {
	};
	objectVersion = 51;
	objects = {

/* Begin PBXBuildFile section */
		B0FB05562ED6B176008A6262 /* Pods_CovidAPI.framework in Frameworks */ = {isa = PBXBuildFile; fileRef = F8A3C8BCD2BB7953DD2341ED /* Pods_CovidAPI.framework */; };
		BB06CD53264EEA1D00562B47 /* IntroductionVC.swift in Sources */ = {isa = PBXBuildFile; fileRef = BB06CD52264EEA1D00562B47 /* IntroductionVC.swift */; };
		BB06CD55264EEA4300562B47 /* CustomCVC.swift in Sources */ = {isa = PBXBuildFile; fileRef = BB06CD54264EEA4300562B47 /* CustomCVC.swift */; };
		BB06CD57264EEF3600562B47 /* CustomView.swift in Sources */ = {isa = PBXBuildFile; fileRef = BB06CD56264EEF3600562B47 /* CustomView.swift */; };
		BB1A2F61264C725700596B31 /* covid.json in Resources */ = {isa = PBXBuildFile; fileRef = BB1A2F60264C725700596B31 /* covid.json */; };
		BB2B645E2645762F0068F56F /* Splash.jpeg in Resources */ = {isa = PBXBuildFile; fileRef = BB2B645D2645762F0068F56F /* Splash.jpeg */; };
		BB7D54802644663E008BAD33 /* AppDelegate.swift in Sources */ = {isa = PBXBuildFile; fileRef = BB7D547F2644663E008BAD33 /* AppDelegate.swift */; };
		BB7D54822644663E008BAD33 /* SceneDelegate.swift in Sources */ = {isa = PBXBuildFile; fileRef = BB7D54812644663E008BAD33 /* SceneDelegate.swift */; };
		BB7D54872644663E008BAD33 /* Main.storyboard in Resources */ = {isa = PBXBuildFile; fileRef = BB7D54852644663E008BAD33 /* Main.storyboard */; };
		BB7D54892644663F008BAD33 /* Assets.xcassets in Resources */ = {isa = PBXBuildFile; fileRef = BB7D54882644663F008BAD33 /* Assets.xcassets */; };
		BB7D548C2644663F008BAD33 /* LaunchScreen.storyboard in Resources */ = {isa = PBXBuildFile; fileRef = BB7D548A2644663F008BAD33 /* LaunchScreen.storyboard */; };
		BB7D54942644666F008BAD33 /* CustomTVC.swift in Sources */ = {isa = PBXBuildFile; fileRef = BB7D54932644666F008BAD33 /* CustomTVC.swift */; };
		BB8A5B0E264FC096006544B3 /* Connectivity.swift in Sources */ = {isa = PBXBuildFile; fileRef = BB8A5B0D264FC096006544B3 /* Connectivity.swift */; };
		BB8E0CE5264C316800778844 /* PinVC.swift in Sources */ = {isa = PBXBuildFile; fileRef = BB8E0CE4264C316800778844 /* PinVC.swift */; };
		BB8E0CE7264C317300778844 /* DistrictVC.swift in Sources */ = {isa = PBXBuildFile; fileRef = BB8E0CE6264C317300778844 /* DistrictVC.swift */; };
		BB8E0CE9264C3C2500778844 /* StateVC.swift in Sources */ = {isa = PBXBuildFile; fileRef = BB8E0CE8264C3C2500778844 /* StateVC.swift */; };
		BB8E0CEB264C41C900778844 /* DistrictTableVC.swift in Sources */ = {isa = PBXBuildFile; fileRef = BB8E0CEA264C41C900778844 /* DistrictTableVC.swift */; };
		BB8E0CEE264C542D00778844 /* VaccinationByDistrict.swift in Sources */ = {isa = PBXBuildFile; fileRef = BB8E0CED264C542D00778844 /* VaccinationByDistrict.swift */; };
		BB8E0CF0264C5DCE00778844 /* VaccinationByPin.swift in Sources */ = {isa = PBXBuildFile; fileRef = BB8E0CEF264C5DCE00778844 /* VaccinationByPin.swift */; };
		BB8E0CF2264C613E00778844 /* HomeVC.swift in Sources */ = {isa = PBXBuildFile; fileRef = BB8E0CF1264C613E00778844 /* HomeVC.swift */; };
		BBEAFCEC264F0207008556C3 /* sanitizer.json in Resources */ = {isa = PBXBuildFile; fileRef = BBEAFCE4264F0207008556C3 /* sanitizer.json */; };
		BBEAFCED264F0207008556C3 /* medical.json in Resources */ = {isa = PBXBuildFile; fileRef = BBEAFCE5264F0207008556C3 /* medical.json */; };
		BBEAFCEE264F0207008556C3 /* home.json in Resources */ = {isa = PBXBuildFile; fileRef = BBEAFCE6264F0207008556C3 /* home.json */; };
		BBEAFCEF264F0207008556C3 /* eat.json in Resources */ = {isa = PBXBuildFile; fileRef = BBEAFCE7264F0207008556C3 /* eat.json */; };
		BBEAFCF0264F0207008556C3 /* face.json in Resources */ = {isa = PBXBuildFile; fileRef = BBEAFCE8264F0207008556C3 /* face.json */; };
		BBEAFCF1264F0207008556C3 /* hands.json in Resources */ = {isa = PBXBuildFile; fileRef = BBEAFCE9264F0207008556C3 /* hands.json */; };
		BBEAFCF2264F0207008556C3 /* mask.json in Resources */ = {isa = PBXBuildFile; fileRef = BBEAFCEA264F0207008556C3 /* mask.json */; };
		BBEAFCF3264F0207008556C3 /* distance.json in Resources */ = {isa = PBXBuildFile; fileRef = BBEAFCEB264F0207008556C3 /* distance.json */; };
		BBEAFCF7264F185A008556C3 /* DetailVC.swift in Sources */ = {isa = PBXBuildFile; fileRef = BBEAFCF6264F185A008556C3 /* DetailVC.swift */; };
		BBEAFCF9264F1CD1008556C3 /* VaccinationByDistrictTVC.swift in Sources */ = {isa = PBXBuildFile; fileRef = BBEAFCF8264F1CD1008556C3 /* VaccinationByDistrictTVC.swift */; };
		BBEDA3E6264F235C00FC066C /* CustomButton.swift in Sources */ = {isa = PBXBuildFile; fileRef = BBEDA3E5264F235C00FC066C /* CustomButton.swift */; };
/* End PBXBuildFile section */

/* Begin PBXFileReference section */
		496FE0084A6BDEA057EBF690 /* Pods-CovidAPI.release.xcconfig */ = {isa = PBXFileReference; includeInIndex = 1; lastKnownFileType = text.xcconfig; name = "Pods-CovidAPI.release.xcconfig"; path = "Target Support Files/Pods-CovidAPI/Pods-CovidAPI.release.xcconfig"; sourceTree = "<group>"; };
		51F013A0599BF715181C49BE /* Pods-CovidAPI.debug.xcconfig */ = {isa = PBXFileReference; includeInIndex = 1; lastKnownFileType = text.xcconfig; name = "Pods-CovidAPI.debug.xcconfig"; path = "Target Support Files/Pods-CovidAPI/Pods-CovidAPI.debug.xcconfig"; sourceTree = "<group>"; };
		BB06CD52264EEA1D00562B47 /* IntroductionVC.swift */ = {isa = PBXFileReference; lastKnownFileType = sourcecode.swift; path = IntroductionVC.swift; sourceTree = "<group>"; };
		BB06CD54264EEA4300562B47 /* CustomCVC.swift */ = {isa = PBXFileReference; lastKnownFileType = sourcecode.swift; path = CustomCVC.swift; sourceTree = "<group>"; };
		BB06CD56264EEF3600562B47 /* CustomView.swift */ = {isa = PBXFileReference; fileEncoding = 4; lastKnownFileType = sourcecode.swift; path = CustomView.swift; sourceTree = "<group>"; };
		BB1A2F60264C725700596B31 /* covid.json */ = {isa = PBXFileReference; fileEncoding = 4; lastKnownFileType = text.json; path = covid.json; sourceTree = "<group>"; };
		BB2B645D2645762F0068F56F /* Splash.jpeg */ = {isa = PBXFileReference; lastKnownFileType = image.jpeg; path = Splash.jpeg; sourceTree = "<group>"; };
		BB7D547C2644663E008BAD33 /* CovidAPI.app */ = {isa = PBXFileReference; explicitFileType = wrapper.application; includeInIndex = 0; path = CovidAPI.app; sourceTree = BUILT_PRODUCTS_DIR; };
		BB7D547F2644663E008BAD33 /* AppDelegate.swift */ = {isa = PBXFileReference; lastKnownFileType = sourcecode.swift; path = AppDelegate.swift; sourceTree = "<group>"; };
		BB7D54812644663E008BAD33 /* SceneDelegate.swift */ = {isa = PBXFileReference; lastKnownFileType = sourcecode.swift; path = SceneDelegate.swift; sourceTree = "<group>"; };
		BB7D54862644663E008BAD33 /* Base */ = {isa = PBXFileReference; lastKnownFileType = file.storyboard; name = Base; path = Base.lproj/Main.storyboard; sourceTree = "<group>"; };
		BB7D54882644663F008BAD33 /* Assets.xcassets */ = {isa = PBXFileReference; lastKnownFileType = folder.assetcatalog; path = Assets.xcassets; sourceTree = "<group>"; };
		BB7D548B2644663F008BAD33 /* Base */ = {isa = PBXFileReference; lastKnownFileType = file.storyboard; name = Base; path = Base.lproj/LaunchScreen.storyboard; sourceTree = "<group>"; };
		BB7D548D2644663F008BAD33 /* Info.plist */ = {isa = PBXFileReference; lastKnownFileType = text.plist.xml; path = Info.plist; sourceTree = "<group>"; };
		BB7D54932644666F008BAD33 /* CustomTVC.swift */ = {isa = PBXFileReference; lastKnownFileType = sourcecode.swift; path = CustomTVC.swift; sourceTree = "<group>"; };
		BB8A5B0D264FC096006544B3 /* Connectivity.swift */ = {isa = PBXFileReference; fileEncoding = 4; lastKnownFileType = sourcecode.swift; path = Connectivity.swift; sourceTree = "<group>"; };
		BB8E0CE4264C316800778844 /* PinVC.swift */ = {isa = PBXFileReference; lastKnownFileType = sourcecode.swift; path = PinVC.swift; sourceTree = "<group>"; };
		BB8E0CE6264C317300778844 /* DistrictVC.swift */ = {isa = PBXFileReference; lastKnownFileType = sourcecode.swift; path = DistrictVC.swift; sourceTree = "<group>"; };
		BB8E0CE8264C3C2500778844 /* StateVC.swift */ = {isa = PBXFileReference; lastKnownFileType = sourcecode.swift; path = StateVC.swift; sourceTree = "<group>"; };
		BB8E0CEA264C41C900778844 /* DistrictTableVC.swift */ = {isa = PBXFileReference; lastKnownFileType = sourcecode.swift; path = DistrictTableVC.swift; sourceTree = "<group>"; };
		BB8E0CED264C542D00778844 /* VaccinationByDistrict.swift */ = {isa = PBXFileReference; lastKnownFileType = sourcecode.swift; path = VaccinationByDistrict.swift; sourceTree = "<group>"; };
		BB8E0CEF264C5DCE00778844 /* VaccinationByPin.swift */ = {isa = PBXFileReference; lastKnownFileType = sourcecode.swift; path = VaccinationByPin.swift; sourceTree = "<group>"; };
		BB8E0CF1264C613E00778844 /* HomeVC.swift */ = {isa = PBXFileReference; fileEncoding = 4; lastKnownFileType = sourcecode.swift; path = HomeVC.swift; sourceTree = "<group>"; };
		BBEAFCE4264F0207008556C3 /* sanitizer.json */ = {isa = PBXFileReference; fileEncoding = 4; lastKnownFileType = text.json; path = sanitizer.json; sourceTree = "<group>"; };
		BBEAFCE5264F0207008556C3 /* medical.json */ = {isa = PBXFileReference; fileEncoding = 4; lastKnownFileType = text.json; path = medical.json; sourceTree = "<group>"; };
		BBEAFCE6264F0207008556C3 /* home.json */ = {isa = PBXFileReference; fileEncoding = 4; lastKnownFileType = text.json; path = home.json; sourceTree = "<group>"; };
		BBEAFCE7264F0207008556C3 /* eat.json */ = {isa = PBXFileReference; fileEncoding = 4; lastKnownFileType = text.json; path = eat.json; sourceTree = "<group>"; };
		BBEAFCE8264F0207008556C3 /* face.json */ = {isa = PBXFileReference; fileEncoding = 4; lastKnownFileType = text.json; path = face.json; sourceTree = "<group>"; };
		BBEAFCE9264F0207008556C3 /* hands.json */ = {isa = PBXFileReference; fileEncoding = 4; lastKnownFileType = text.json; path = hands.json; sourceTree = "<group>"; };
		BBEAFCEA264F0207008556C3 /* mask.json */ = {isa = PBXFileReference; fileEncoding = 4; lastKnownFileType = text.json; path = mask.json; sourceTree = "<group>"; };
		BBEAFCEB264F0207008556C3 /* distance.json */ = {isa = PBXFileReference; fileEncoding = 4; lastKnownFileType = text.json; path = distance.json; sourceTree = "<group>"; };
		BBEAFCF6264F185A008556C3 /* DetailVC.swift */ = {isa = PBXFileReference; lastKnownFileType = sourcecode.swift; path = DetailVC.swift; sourceTree = "<group>"; };
		BBEAFCF8264F1CD1008556C3 /* VaccinationByDistrictTVC.swift */ = {isa = PBXFileReference; fileEncoding = 4; lastKnownFileType = sourcecode.swift; path = VaccinationByDistrictTVC.swift; sourceTree = "<group>"; };
		BBEDA3E5264F235C00FC066C /* CustomButton.swift */ = {isa = PBXFileReference; lastKnownFileType = sourcecode.swift; path = CustomButton.swift; sourceTree = "<group>"; };
		F8A3C8BCD2BB7953DD2341ED /* Pods_CovidAPI.framework */ = {isa = PBXFileReference; explicitFileType = wrapper.framework; includeInIndex = 0; path = Pods_CovidAPI.framework; sourceTree = BUILT_PRODUCTS_DIR; };
/* End PBXFileReference section */

/* Begin PBXFrameworksBuildPhase section */
		BB7D54792644663E008BAD33 /* Frameworks */ = {
			isa = PBXFrameworksBuildPhase;
			buildActionMask = 2147483647;
			files = (
				B0FB05562ED6B176008A6262 /* Pods_CovidAPI.framework in Frameworks */,
			);
			runOnlyForDeploymentPostprocessing = 0;
		};
/* End PBXFrameworksBuildPhase section */

/* Begin PBXGroup section */
		48F954717EAD11564DE3D8BA /* Pods */ = {
			isa = PBXGroup;
			children = (
				51F013A0599BF715181C49BE /* Pods-CovidAPI.debug.xcconfig */,
				496FE0084A6BDEA057EBF690 /* Pods-CovidAPI.release.xcconfig */,
			);
			path = Pods;
			sourceTree = "<group>";
		};
		7E60AD8C6EF9CB4D139FF1BB /* Frameworks */ = {
			isa = PBXGroup;
			children = (
				F8A3C8BCD2BB7953DD2341ED /* Pods_CovidAPI.framework */,
			);
			name = Frameworks;
			sourceTree = "<group>";
		};
		BB7D54732644663E008BAD33 = {
			isa = PBXGroup;
			children = (
				BBEAFCF5264F0E5A008556C3 /* Model */,
				BBEAFCF4264F0E41008556C3 /* Views */,
				BB7D547E2644663E008BAD33 /* CovidAPI */,
				BB7D547D2644663E008BAD33 /* Products */,
				48F954717EAD11564DE3D8BA /* Pods */,
				7E60AD8C6EF9CB4D139FF1BB /* Frameworks */,
			);
			sourceTree = "<group>";
		};
		BB7D547D2644663E008BAD33 /* Products */ = {
			isa = PBXGroup;
			children = (
				BB7D547C2644663E008BAD33 /* CovidAPI.app */,
			);
			name = Products;
			sourceTree = "<group>";
		};
		BB7D547E2644663E008BAD33 /* CovidAPI */ = {
			isa = PBXGroup;
			children = (
				BB8E0CEC264C482C00778844 /* ViewController */,
				BB7D547F2644663E008BAD33 /* AppDelegate.swift */,
				BB7D54812644663E008BAD33 /* SceneDelegate.swift */,
				BB7D54852644663E008BAD33 /* Main.storyboard */,
				BB7D54882644663F008BAD33 /* Assets.xcassets */,
				BB7D548A2644663F008BAD33 /* LaunchScreen.storyboard */,
				BBEAFCE5264F0207008556C3 /* medical.json */,
				BBEAFCEB264F0207008556C3 /* distance.json */,
				BBEAFCE7264F0207008556C3 /* eat.json */,
				BBEAFCE8264F0207008556C3 /* face.json */,
				BBEAFCE9264F0207008556C3 /* hands.json */,
				BBEAFCE6264F0207008556C3 /* home.json */,
				BBEAFCEA264F0207008556C3 /* mask.json */,
				BBEAFCE4264F0207008556C3 /* sanitizer.json */,
				BB7D548D2644663F008BAD33 /* Info.plist */,
				BB2B645D2645762F0068F56F /* Splash.jpeg */,
				BB1A2F60264C725700596B31 /* covid.json */,
			);
			path = CovidAPI;
			sourceTree = "<group>";
		};
		BB8E0CEC264C482C00778844 /* ViewController */ = {
			isa = PBXGroup;
			children = (
				BB06CD52264EEA1D00562B47 /* IntroductionVC.swift */,
				BB8E0CE8264C3C2500778844 /* StateVC.swift */,
				BB8E0CE4264C316800778844 /* PinVC.swift */,
				BB8E0CE6264C317300778844 /* DistrictVC.swift */,
				BB8E0CF1264C613E00778844 /* HomeVC.swift */,
				BBEAFCF6264F185A008556C3 /* DetailVC.swift */,
				BB8E0CEA264C41C900778844 /* DistrictTableVC.swift */,
				BB8E0CED264C542D00778844 /* VaccinationByDistrict.swift */,
				BB8E0CEF264C5DCE00778844 /* VaccinationByPin.swift */,
			);
			path = ViewController;
			sourceTree = "<group>";
		};
		BBEAFCF4264F0E41008556C3 /* Views */ = {
			isa = PBXGroup;
			children = (
				BBEAFCF8264F1CD1008556C3 /* VaccinationByDistrictTVC.swift */,
				BB7D54932644666F008BAD33 /* CustomTVC.swift */,
				BB06CD54264EEA4300562B47 /* CustomCVC.swift */,
			);
			path = Views;
			sourceTree = "<group>";
		};
		BBEAFCF5264F0E5A008556C3 /* Model */ = {
			isa = PBXGroup;
			children = (
				BB8A5B0D264FC096006544B3 /* Connectivity.swift */,
				BB06CD56264EEF3600562B47 /* CustomView.swift */,
				BBEDA3E5264F235C00FC066C /* CustomButton.swift */,
			);
			path = Model;
			sourceTree = "<group>";
		};
/* End PBXGroup section */

/* Begin PBXNativeTarget section */
		BB7D547B2644663E008BAD33 /* CovidAPI */ = {
			isa = PBXNativeTarget;
			buildConfigurationList = BB7D54902644663F008BAD33 /* Build configuration list for PBXNativeTarget "CovidAPI" */;
			buildPhases = (
				2941AE1C077208CF5D9BD8D5 /* [CP] Check Pods Manifest.lock */,
				BB7D54782644663E008BAD33 /* Sources */,
				BB7D54792644663E008BAD33 /* Frameworks */,
				BB7D547A2644663E008BAD33 /* Resources */,
				F26DEB2DF82FC10C717FAF3F /* [CP] Embed Pods Frameworks */,
			);
			buildRules = (
			);
			dependencies = (
			);
			name = CovidAPI;
			productName = CovidAPI;
			productReference = BB7D547C2644663E008BAD33 /* CovidAPI.app */;
			productType = "com.apple.product-type.application";
		};
/* End PBXNativeTarget section */

/* Begin PBXProject section */
		BB7D54742644663E008BAD33 /* Project object */ = {
			isa = PBXProject;
			attributes = {
				LastSwiftUpdateCheck = 1250;
				LastUpgradeCheck = 1250;
				TargetAttributes = {
					BB7D547B2644663E008BAD33 = {
						CreatedOnToolsVersion = 12.5;
					};
				};
			};
			buildConfigurationList = BB7D54772644663E008BAD33 /* Build configuration list for PBXProject "CovidAPI" */;
			compatibilityVersion = "Xcode 9.3";
			developmentRegion = en;
			hasScannedForEncodings = 0;
			knownRegions = (
				en,
				Base,
			);
			mainGroup = BB7D54732644663E008BAD33;
			productRefGroup = BB7D547D2644663E008BAD33 /* Products */;
			projectDirPath = "";
			projectRoot = "";
			targets = (
				BB7D547B2644663E008BAD33 /* CovidAPI */,
			);
		};
/* End PBXProject section */

/* Begin PBXResourcesBuildPhase section */
		BB7D547A2644663E008BAD33 /* Resources */ = {
			isa = PBXResourcesBuildPhase;
			buildActionMask = 2147483647;
			files = (
				BB2B645E2645762F0068F56F /* Splash.jpeg in Resources */,
				BB7D548C2644663F008BAD33 /* LaunchScreen.storyboard in Resources */,
				BBEAFCF0264F0207008556C3 /* face.json in Resources */,
				BBEAFCEF264F0207008556C3 /* eat.json in Resources */,
				BBEAFCEE264F0207008556C3 /* home.json in Resources */,
				BBEAFCF3264F0207008556C3 /* distance.json in Resources */,
				BBEAFCED264F0207008556C3 /* medical.json in Resources */,
				BB7D54892644663F008BAD33 /* Assets.xcassets in Resources */,
				BB7D54872644663E008BAD33 /* Main.storyboard in Resources */,
				BB1A2F61264C725700596B31 /* covid.json in Resources */,
				BBEAFCF2264F0207008556C3 /* mask.json in Resources */,
				BBEAFCEC264F0207008556C3 /* sanitizer.json in Resources */,
				BBEAFCF1264F0207008556C3 /* hands.json in Resources */,
			);
			runOnlyForDeploymentPostprocessing = 0;
		};
/* End PBXResourcesBuildPhase section */

/* Begin PBXShellScriptBuildPhase section */
		2941AE1C077208CF5D9BD8D5 /* [CP] Check Pods Manifest.lock */ = {
			isa = PBXShellScriptBuildPhase;
			buildActionMask = 2147483647;
			files = (
			);
			inputFileListPaths = (
			);
			inputPaths = (
				"${PODS_PODFILE_DIR_PATH}/Podfile.lock",
				"${PODS_ROOT}/Manifest.lock",
			);
			name = "[CP] Check Pods Manifest.lock";
			outputFileListPaths = (
			);
			outputPaths = (
				"$(DERIVED_FILE_DIR)/Pods-CovidAPI-checkManifestLockResult.txt",
			);
			runOnlyForDeploymentPostprocessing = 0;
			shellPath = /bin/sh;
			shellScript = "diff \"${PODS_PODFILE_DIR_PATH}/Podfile.lock\" \"${PODS_ROOT}/Manifest.lock\" > /dev/null\nif [ $? != 0 ] ; then\n    # print error to STDERR\n    echo \"error: The sandbox is not in sync with the Podfile.lock. Run 'pod install' or update your CocoaPods installation.\" >&2\n    exit 1\nfi\n# This output is used by Xcode 'outputs' to avoid re-running this script phase.\necho \"SUCCESS\" > \"${SCRIPT_OUTPUT_FILE_0}\"\n";
			showEnvVarsInLog = 0;
		};
		F26DEB2DF82FC10C717FAF3F /* [CP] Embed Pods Frameworks */ = {
			isa = PBXShellScriptBuildPhase;
			buildActionMask = 2147483647;
			files = (
			);
			inputFileListPaths = (
				"${PODS_ROOT}/Target Support Files/Pods-CovidAPI/Pods-CovidAPI-frameworks-${CONFIGURATION}-input-files.xcfilelist",
			);
			name = "[CP] Embed Pods Frameworks";
			outputFileListPaths = (
				"${PODS_ROOT}/Target Support Files/Pods-CovidAPI/Pods-CovidAPI-frameworks-${CONFIGURATION}-output-files.xcfilelist",
			);
			runOnlyForDeploymentPostprocessing = 0;
			shellPath = /bin/sh;
			shellScript = "\"${PODS_ROOT}/Target Support Files/Pods-CovidAPI/Pods-CovidAPI-frameworks.sh\"\n";
			showEnvVarsInLog = 0;
		};
/* End PBXShellScriptBuildPhase section */

/* Begin PBXSourcesBuildPhase section */
		BB7D54782644663E008BAD33 /* Sources */ = {
			isa = PBXSourcesBuildPhase;
			buildActionMask = 2147483647;
			files = (
				BBEAFCF7264F185A008556C3 /* DetailVC.swift in Sources */,
				BB8E0CF2264C613E00778844 /* HomeVC.swift in Sources */,
				BB8A5B0E264FC096006544B3 /* Connectivity.swift in Sources */,
				BB8E0CEB264C41C900778844 /* DistrictTableVC.swift in Sources */,
				BB06CD53264EEA1D00562B47 /* IntroductionVC.swift in Sources */,
				BBEDA3E6264F235C00FC066C /* CustomButton.swift in Sources */,
				BB8E0CF0264C5DCE00778844 /* VaccinationByPin.swift in Sources */,
				BB8E0CEE264C542D00778844 /* VaccinationByDistrict.swift in Sources */,
				BB8E0CE7264C317300778844 /* DistrictVC.swift in Sources */,
				BB06CD57264EEF3600562B47 /* CustomView.swift in Sources */,
				BBEAFCF9264F1CD1008556C3 /* VaccinationByDistrictTVC.swift in Sources */,
				BB8E0CE9264C3C2500778844 /* StateVC.swift in Sources */,
				BB8E0CE5264C316800778844 /* PinVC.swift in Sources */,
				BB7D54802644663E008BAD33 /* AppDelegate.swift in Sources */,
				BB06CD55264EEA4300562B47 /* CustomCVC.swift in Sources */,
				BB7D54942644666F008BAD33 /* CustomTVC.swift in Sources */,
				BB7D54822644663E008BAD33 /* SceneDelegate.swift in Sources */,
			);
			runOnlyForDeploymentPostprocessing = 0;
		};
/* End PBXSourcesBuildPhase section */

/* Begin PBXVariantGroup section */
		BB7D54852644663E008BAD33 /* Main.storyboard */ = {
			isa = PBXVariantGroup;
			children = (
				BB7D54862644663E008BAD33 /* Base */,
			);
			name = Main.storyboard;
			sourceTree = "<group>";
		};
		BB7D548A2644663F008BAD33 /* LaunchScreen.storyboard */ = {
			isa = PBXVariantGroup;
			children = (
				BB7D548B2644663F008BAD33 /* Base */,
			);
			name = LaunchScreen.storyboard;
			sourceTree = "<group>";
		};
/* End PBXVariantGroup section */

/* Begin XCBuildConfiguration section */
		BB7D548E2644663F008BAD33 /* Debug */ = {
			isa = XCBuildConfiguration;
			buildSettings = {
				ALWAYS_SEARCH_USER_PATHS = NO;
				CLANG_ANALYZER_NONNULL = YES;
				CLANG_ANALYZER_NUMBER_OBJECT_CONVERSION = YES_AGGRESSIVE;
				CLANG_CXX_LANGUAGE_STANDARD = "gnu++14";
				CLANG_CXX_LIBRARY = "libc++";
				CLANG_ENABLE_MODULES = YES;
				CLANG_ENABLE_OBJC_ARC = YES;
				CLANG_ENABLE_OBJC_WEAK = YES;
				CLANG_WARN_BLOCK_CAPTURE_AUTORELEASING = YES;
				CLANG_WARN_BOOL_CONVERSION = YES;
				CLANG_WARN_COMMA = YES;
				CLANG_WARN_CONSTANT_CONVERSION = YES;
				CLANG_WARN_DEPRECATED_OBJC_IMPLEMENTATIONS = YES;
				CLANG_WARN_DIRECT_OBJC_ISA_USAGE = YES_ERROR;
				CLANG_WARN_DOCUMENTATION_COMMENTS = YES;
				CLANG_WARN_EMPTY_BODY = YES;
				CLANG_WARN_ENUM_CONVERSION = YES;
				CLANG_WARN_INFINITE_RECURSION = YES;
				CLANG_WARN_INT_CONVERSION = YES;
				CLANG_WARN_NON_LITERAL_NULL_CONVERSION = YES;
				CLANG_WARN_OBJC_IMPLICIT_RETAIN_SELF = YES;
				CLANG_WARN_OBJC_LITERAL_CONVERSION = YES;
				CLANG_WARN_OBJC_ROOT_CLASS = YES_ERROR;
				CLANG_WARN_QUOTED_INCLUDE_IN_FRAMEWORK_HEADER = YES;
				CLANG_WARN_RANGE_LOOP_ANALYSIS = YES;
				CLANG_WARN_STRICT_PROTOTYPES = YES;
				CLANG_WARN_SUSPICIOUS_MOVE = YES;
				CLANG_WARN_UNGUARDED_AVAILABILITY = YES_AGGRESSIVE;
				CLANG_WARN_UNREACHABLE_CODE = YES;
				CLANG_WARN__DUPLICATE_METHOD_MATCH = YES;
				COPY_PHASE_STRIP = NO;
				DEBUG_INFORMATION_FORMAT = dwarf;
				ENABLE_STRICT_OBJC_MSGSEND = YES;
				ENABLE_TESTABILITY = YES;
				GCC_C_LANGUAGE_STANDARD = gnu11;
				GCC_DYNAMIC_NO_PIC = NO;
				GCC_NO_COMMON_BLOCKS = YES;
				GCC_OPTIMIZATION_LEVEL = 0;
				GCC_PREPROCESSOR_DEFINITIONS = (
					"DEBUG=1",
					"$(inherited)",
				);
				GCC_WARN_64_TO_32_BIT_CONVERSION = YES;
				GCC_WARN_ABOUT_RETURN_TYPE = YES_ERROR;
				GCC_WARN_UNDECLARED_SELECTOR = YES;
				GCC_WARN_UNINITIALIZED_AUTOS = YES_AGGRESSIVE;
				GCC_WARN_UNUSED_FUNCTION = YES;
				GCC_WARN_UNUSED_VARIABLE = YES;
				IPHONEOS_DEPLOYMENT_TARGET = 14.5;
				MTL_ENABLE_DEBUG_INFO = INCLUDE_SOURCE;
				MTL_FAST_MATH = YES;
				ONLY_ACTIVE_ARCH = YES;
				SDKROOT = iphoneos;
				SWIFT_ACTIVE_COMPILATION_CONDITIONS = DEBUG;
				SWIFT_OPTIMIZATION_LEVEL = "-Onone";
			};
			name = Debug;
		};
		BB7D548F2644663F008BAD33 /* Release */ = {
			isa = XCBuildConfiguration;
			buildSettings = {
				ALWAYS_SEARCH_USER_PATHS = NO;
				CLANG_ANALYZER_NONNULL = YES;
				CLANG_ANALYZER_NUMBER_OBJECT_CONVERSION = YES_AGGRESSIVE;
				CLANG_CXX_LANGUAGE_STANDARD = "gnu++14";
				CLANG_CXX_LIBRARY = "libc++";
				CLANG_ENABLE_MODULES = YES;
				CLANG_ENABLE_OBJC_ARC = YES;
				CLANG_ENABLE_OBJC_WEAK = YES;
				CLANG_WARN_BLOCK_CAPTURE_AUTORELEASING = YES;
				CLANG_WARN_BOOL_CONVERSION = YES;
				CLANG_WARN_COMMA = YES;
				CLANG_WARN_CONSTANT_CONVERSION = YES;
				CLANG_WARN_DEPRECATED_OBJC_IMPLEMENTATIONS = YES;
				CLANG_WARN_DIRECT_OBJC_ISA_USAGE = YES_ERROR;
				CLANG_WARN_DOCUMENTATION_COMMENTS = YES;
				CLANG_WARN_EMPTY_BODY = YES;
				CLANG_WARN_ENUM_CONVERSION = YES;
				CLANG_WARN_INFINITE_RECURSION = YES;
				CLANG_WARN_INT_CONVERSION = YES;
				CLANG_WARN_NON_LITERAL_NULL_CONVERSION = YES;
				CLANG_WARN_OBJC_IMPLICIT_RETAIN_SELF = YES;
				CLANG_WARN_OBJC_LITERAL_CONVERSION = YES;
				CLANG_WARN_OBJC_ROOT_CLASS = YES_ERROR;
				CLANG_WARN_QUOTED_INCLUDE_IN_FRAMEWORK_HEADER = YES;
				CLANG_WARN_RANGE_LOOP_ANALYSIS = YES;
				CLANG_WARN_STRICT_PROTOTYPES = YES;
				CLANG_WARN_SUSPICIOUS_MOVE = YES;
				CLANG_WARN_UNGUARDED_AVAILABILITY = YES_AGGRESSIVE;
				CLANG_WARN_UNREACHABLE_CODE = YES;
				CLANG_WARN__DUPLICATE_METHOD_MATCH = YES;
				COPY_PHASE_STRIP = NO;
				DEBUG_INFORMATION_FORMAT = "dwarf-with-dsym";
				ENABLE_NS_ASSERTIONS = NO;
				ENABLE_STRICT_OBJC_MSGSEND = YES;
				GCC_C_LANGUAGE_STANDARD = gnu11;
				GCC_NO_COMMON_BLOCKS = YES;
				GCC_WARN_64_TO_32_BIT_CONVERSION = YES;
				GCC_WARN_ABOUT_RETURN_TYPE = YES_ERROR;
				GCC_WARN_UNDECLARED_SELECTOR = YES;
				GCC_WARN_UNINITIALIZED_AUTOS = YES_AGGRESSIVE;
				GCC_WARN_UNUSED_FUNCTION = YES;
				GCC_WARN_UNUSED_VARIABLE = YES;
				IPHONEOS_DEPLOYMENT_TARGET = 14.5;
				MTL_ENABLE_DEBUG_INFO = NO;
				MTL_FAST_MATH = YES;
				SDKROOT = iphoneos;
				SWIFT_COMPILATION_MODE = wholemodule;
				SWIFT_OPTIMIZATION_LEVEL = "-O";
				VALIDATE_PRODUCT = YES;
			};
			name = Release;
		};
		BB7D54912644663F008BAD33 /* Debug */ = {
			isa = XCBuildConfiguration;
			baseConfigurationReference = 51F013A0599BF715181C49BE /* Pods-CovidAPI.debug.xcconfig */;
			buildSettings = {
				ASSETCATALOG_COMPILER_APPICON_NAME = AppIcon;
				ASSETCATALOG_COMPILER_GLOBAL_ACCENT_COLOR_NAME = AccentColor;
				CODE_SIGN_STYLE = Automatic;
				DEVELOPMENT_TEAM = YFWGCU79TH;
				INFOPLIST_FILE = CovidAPI/Info.plist;
				IPHONEOS_DEPLOYMENT_TARGET = 13.0;
				LD_RUNPATH_SEARCH_PATHS = (
					"$(inherited)",
					"@executable_path/Frameworks",
				);
				PRODUCT_BUNDLE_IDENTIFIER = com.Farhana.CovidAPI;
				PRODUCT_NAME = "$(TARGET_NAME)";
				SWIFT_VERSION = 5.0;
				TARGETED_DEVICE_FAMILY = "1,2";
			};
			name = Debug;
		};
		BB7D54922644663F008BAD33 /* Release */ = {
			isa = XCBuildConfiguration;
			baseConfigurationReference = 496FE0084A6BDEA057EBF690 /* Pods-CovidAPI.release.xcconfig */;
			buildSettings = {
				ASSETCATALOG_COMPILER_APPICON_NAME = AppIcon;
				ASSETCATALOG_COMPILER_GLOBAL_ACCENT_COLOR_NAME = AccentColor;
				CODE_SIGN_STYLE = Automatic;
				DEVELOPMENT_TEAM = YFWGCU79TH;
				INFOPLIST_FILE = CovidAPI/Info.plist;
				IPHONEOS_DEPLOYMENT_TARGET = 13.0;
				LD_RUNPATH_SEARCH_PATHS = (
					"$(inherited)",
					"@executable_path/Frameworks",
				);
				PRODUCT_BUNDLE_IDENTIFIER = com.Farhana.CovidAPI;
				PRODUCT_NAME = "$(TARGET_NAME)";
				SWIFT_VERSION = 5.0;
				TARGETED_DEVICE_FAMILY = "1,2";
			};
			name = Release;
		};
/* End XCBuildConfiguration section */

/* Begin XCConfigurationList section */
		BB7D54772644663E008BAD33 /* Build configuration list for PBXProject "CovidAPI" */ = {
			isa = XCConfigurationList;
			buildConfigurations = (
				BB7D548E2644663F008BAD33 /* Debug */,
				BB7D548F2644663F008BAD33 /* Release */,
			);
			defaultConfigurationIsVisible = 0;
			defaultConfigurationName = Release;
		};
		BB7D54902644663F008BAD33 /* Build configuration list for PBXNativeTarget "CovidAPI" */ = {
			isa = XCConfigurationList;
			buildConfigurations = (
				BB7D54912644663F008BAD33 /* Debug */,
				BB7D54922644663F008BAD33 /* Release */,
			);
			defaultConfigurationIsVisible = 0;
			defaultConfigurationName = Release;
		};
/* End XCConfigurationList section */
	};
	rootObject = BB7D54742644663E008BAD33 /* Project object */;
}
